
Microsoft Visual Studio Solution File, Format Version 12.00
# Visual Studio Version 16
VisualStudioVersion = 16.0.31025.194
MinimumVisualStudioVersion = 10.0.40219.1
Project("{FAE04EC0-301F-11D3-BF4B-00C04F79EFBC}") = "JenkinsDemo", "JenkinsDemo.csproj", "{7D908D9A-F7ED-417C-A25A-CBA76C1E708E}"
EndProject
Global
	GlobalSection(SolutionConfigurationPlatforms) = preSolution
		Debug|Any CPU = Debug|Any CPU
		Release|Any CPU = Release|Any CPU
	EndGlobalSection
	GlobalSection(ProjectConfigurationPlatforms) = postSolution
		{7D908D9A-F7ED-417C-A25A-CBA76C1E708E}.Debug|Any CPU.ActiveCfg = Debug|Any CPU
		{7D908D9A-F7ED-417C-A25A-CBA76C1E708E}.Debug|Any CPU.Build.0 = Debug|Any CPU
		{7D908D9A-F7ED-417C-A25A-CBA76C1E708E}.Release|Any CPU.ActiveCfg = Release|Any CPU
		{7D908D9A-F7ED-417C-A25A-CBA76C1E708E}.Release|Any CPU.Build.0 = Release|Any CPU
	EndGlobalSection
	GlobalSection(SolutionProperties) = preSolution
		HideSolutionNode = FALSE
	EndGlobalSection
	GlobalSection(ExtensibilityGlobals) = postSolution
		SolutionGuid = {E85AD855-1BD2-4D84-910A-D7451448B013}
	EndGlobalSection
EndGlobal
